
Microsoft Visual Studio Solution File, Format Version 12.00
# Visual Studio 14
VisualStudioVersion = 14.0.24720.0
MinimumVisualStudioVersion = 10.0.40219.1
Project("{FAE04EC0-301F-11D3-BF4B-00C04F79EFBC}") = "Viewer", "Startup\Viewer.csproj", "{0AF8FEF6-32B9-46BD-A270-AB3B20EB39A3}"
EndProject
Project("{FAE04EC0-301F-11D3-BF4B-00C04F79EFBC}") = "ICSharpCode.Core", "ICSharpCode.Core\ICSharpCode.Core.csproj", "{35CEF10F-2D4C-45F2-9DD1-161E0FEC583C}"
EndProject
Project("{2150E333-8FDC-42A3-9474-1A3956D46DE8}") = "Addins", "Addins", "{0EB6FAED-3B90-4387-BE04-23EF6935FB23}"
EndProject
Project("{840C416C-B8F3-42BC-B0DD-F6BB14C9F8CB}") = "Setup", "Setup\Setup.aiproj", "{BB8834AE-CC2D-4D63-BBD7-924D90CC4BB8}"
EndProject
Project("{FAE04EC0-301F-11D3-BF4B-00C04F79EFBC}") = "Base", "Addins\Base\Base.csproj", "{C9A2B6BC-5260-4DE3-8082-DCE8B391F7BB}"
EndProject
Project("{FAE04EC0-301F-11D3-BF4B-00C04F79EFBC}") = "ImageViewer", "Addins\ImageViewer\ImageViewer.csproj", "{5D33EFFA-09F4-4E8A-BC42-5EB2FDB30377}"
EndProject
Project("{FAE04EC0-301F-11D3-BF4B-00C04F79EFBC}") = "PsdViewer", "Addins\PsdViewer\PsdViewer.csproj", "{0AFAD5C8-6D27-436E-938C-C2EADBBF1D7B}"
EndProject
Project("{FAE04EC0-301F-11D3-BF4B-00C04F79EFBC}") = "RichTextEditor", "Addins\RichTextEditor\RichTextEditor.csproj", "{C663289E-DD00-463F-8988-9913DDDAEEE1}"
EndProject
Project("{FAE04EC0-301F-11D3-BF4B-00C04F79EFBC}") = "SyntaxEditor", "Addins\SyntaxEditor\SyntaxEditor.csproj", "{3A62991B-2B5F-433B-B43F-D08874FD7995}"
EndProject
Project("{FAE04EC0-301F-11D3-BF4B-00C04F79EFBC}") = "WordViewer", "Addins\WordViewer\WordViewer.csproj", "{A8D8B58C-F83A-4C06-B0A3-C6058673C2AE}"
EndProject
Project("{FAE04EC0-301F-11D3-BF4B-00C04F79EFBC}") = "PdfViewer", "Addins\PdfViewer\PdfViewer.csproj", "{8AA03FFA-68DE-4B00-A0D5-9165376A679D}"
EndProject
Project("{FAE04EC0-301F-11D3-BF4B-00C04F79EFBC}") = "XmlViewer", "Addins\XmlViewer\XmlViewer.csproj", "{F2244379-448D-4D3A-A9EC-C7415238AA3C}"
EndProject
Project("{FAE04EC0-301F-11D3-BF4B-00C04F79EFBC}") = "SvgViewer", "Addins\SvgViewer\SvgViewer.csproj", "{ADC576E8-0E27-4BDC-A82A-EBCF17B05AF7}"
EndProject
Project("{2150E333-8FDC-42A3-9474-1A3956D46DE8}") = "Images", "Images", "{AFFD7B0D-0297-4EB0-873C-7039590DA4FD}"
EndProject
Project("{FAE04EC0-301F-11D3-BF4B-00C04F79EFBC}") = "MediaViewer", "Addins\MediaViewer\MediaViewer.csproj", "{ED474BDA-9973-4C4B-85E2-DBFADADD76F2}"
EndProject
Project("{FAE04EC0-301F-11D3-BF4B-00C04F79EFBC}") = "ExcelViewer", "Addins\ExcelViewer\ExcelViewer.csproj", "{17187BD1-63F8-4ACC-8AF9-A46F4BBFC9F7}"
EndProject
Project("{2150E333-8FDC-42A3-9474-1A3956D46DE8}") = "Office", "Office", "{3F06F31F-920E-49C1-8329-CAAB0D4D7664}"
EndProject
Project("{FAE04EC0-301F-11D3-BF4B-00C04F79EFBC}") = "DLLViewer", "Addins\DLLViewer\DLLViewer.csproj", "{C45FA45E-ABA6-4C07-823E-23DC4E749503}"
EndProject
Project("{2150E333-8FDC-42A3-9474-1A3956D46DE8}") = "Solution Items", "Solution Items", "{514DFB62-893F-4865-AC2C-897996AD5EDE}"
	ProjectSection(SolutionItems) = preProject
		ToDoAddins.txt = ToDoAddins.txt
	EndProjectSection
EndProject
Project("{FAE04EC0-301F-11D3-BF4B-00C04F79EFBC}") = "IniViewer", "Addins\IniViewer\IniViewer.csproj", "{869633D7-FD77-4546-88C7-D5A8CA826F40}"
EndProject
Project("{FAE04EC0-301F-11D3-BF4B-00C04F79EFBC}") = "DbfViewer", "Addins\DbfViewer\DbfViewer.csproj", "{E0A5E560-4D28-4519-8B04-39033C1A7DFC}"
EndProject
Project("{FAE04EC0-301F-11D3-BF4B-00C04F79EFBC}") = "TsspViewer", "Addins\TsspViewer\TsspViewer.csproj", "{DC136B15-10DF-427E-BF11-1C16D25962A6}"
EndProject
Project("{FAE04EC0-301F-11D3-BF4B-00C04F79EFBC}") = "Viewer.Core", "Viewer.Core\Viewer.Core.csproj", "{BC7D5B8F-5279-4F4F-869F-9B3464DD931B}"
EndProject
Global
	GlobalSection(SolutionConfigurationPlatforms) = preSolution
		Debug|Any CPU = Debug|Any CPU
		Release|Any CPU = Release|Any CPU
	EndGlobalSection
	GlobalSection(ProjectConfigurationPlatforms) = postSolution
		{0AF8FEF6-32B9-46BD-A270-AB3B20EB39A3}.Debug|Any CPU.ActiveCfg = Debug|Any CPU
		{0AF8FEF6-32B9-46BD-A270-AB3B20EB39A3}.Debug|Any CPU.Build.0 = Debug|Any CPU
		{0AF8FEF6-32B9-46BD-A270-AB3B20EB39A3}.Release|Any CPU.ActiveCfg = Release|Any CPU
		{0AF8FEF6-32B9-46BD-A270-AB3B20EB39A3}.Release|Any CPU.Build.0 = Release|Any CPU
		{35CEF10F-2D4C-45F2-9DD1-161E0FEC583C}.Debug|Any CPU.ActiveCfg = Debug|Any CPU
		{35CEF10F-2D4C-45F2-9DD1-161E0FEC583C}.Debug|Any CPU.Build.0 = Debug|Any CPU
		{35CEF10F-2D4C-45F2-9DD1-161E0FEC583C}.Release|Any CPU.ActiveCfg = Release|Any CPU
		{35CEF10F-2D4C-45F2-9DD1-161E0FEC583C}.Release|Any CPU.Build.0 = Release|Any CPU
		{BB8834AE-CC2D-4D63-BBD7-924D90CC4BB8}.Debug|Any CPU.ActiveCfg = All
		{BB8834AE-CC2D-4D63-BBD7-924D90CC4BB8}.Debug|Any CPU.Build.0 = All
		{BB8834AE-CC2D-4D63-BBD7-924D90CC4BB8}.Release|Any CPU.ActiveCfg = All
		{BB8834AE-CC2D-4D63-BBD7-924D90CC4BB8}.Release|Any CPU.Build.0 = All
		{C9A2B6BC-5260-4DE3-8082-DCE8B391F7BB}.Debug|Any CPU.ActiveCfg = Debug|Any CPU
		{C9A2B6BC-5260-4DE3-8082-DCE8B391F7BB}.Debug|Any CPU.Build.0 = Debug|Any CPU
		{C9A2B6BC-5260-4DE3-8082-DCE8B391F7BB}.Release|Any CPU.ActiveCfg = Release|Any CPU
		{C9A2B6BC-5260-4DE3-8082-DCE8B391F7BB}.Release|Any CPU.Build.0 = Release|Any CPU
		{5D33EFFA-09F4-4E8A-BC42-5EB2FDB30377}.Debug|Any CPU.ActiveCfg = Debug|Any CPU
		{5D33EFFA-09F4-4E8A-BC42-5EB2FDB30377}.Debug|Any CPU.Build.0 = Debug|Any CPU
		{5D33EFFA-09F4-4E8A-BC42-5EB2FDB30377}.Release|Any CPU.ActiveCfg = Release|Any CPU
		{5D33EFFA-09F4-4E8A-BC42-5EB2FDB30377}.Release|Any CPU.Build.0 = Release|Any CPU
		{0AFAD5C8-6D27-436E-938C-C2EADBBF1D7B}.Debug|Any CPU.ActiveCfg = Debug|Any CPU
		{0AFAD5C8-6D27-436E-938C-C2EADBBF1D7B}.Debug|Any CPU.Build.0 = Debug|Any CPU
		{0AFAD5C8-6D27-436E-938C-C2EADBBF1D7B}.Release|Any CPU.ActiveCfg = Release|Any CPU
		{0AFAD5C8-6D27-436E-938C-C2EADBBF1D7B}.Release|Any CPU.Build.0 = Release|Any CPU
		{C663289E-DD00-463F-8988-9913DDDAEEE1}.Debug|Any CPU.ActiveCfg = Debug|Any CPU
		{C663289E-DD00-463F-8988-9913DDDAEEE1}.Debug|Any CPU.Build.0 = Debug|Any CPU
		{C663289E-DD00-463F-8988-9913DDDAEEE1}.Release|Any CPU.ActiveCfg = Release|Any CPU
		{C663289E-DD00-463F-8988-9913DDDAEEE1}.Release|Any CPU.Build.0 = Release|Any CPU
		{3A62991B-2B5F-433B-B43F-D08874FD7995}.Debug|Any CPU.ActiveCfg = Debug|Any CPU
		{3A62991B-2B5F-433B-B43F-D08874FD7995}.Debug|Any CPU.Build.0 = Debug|Any CPU
		{3A62991B-2B5F-433B-B43F-D08874FD7995}.Release|Any CPU.ActiveCfg = Release|Any CPU
		{3A62991B-2B5F-433B-B43F-D08874FD7995}.Release|Any CPU.Build.0 = Release|Any CPU
		{A8D8B58C-F83A-4C06-B0A3-C6058673C2AE}.Debug|Any CPU.ActiveCfg = Debug|Any CPU
		{A8D8B58C-F83A-4C06-B0A3-C6058673C2AE}.Debug|Any CPU.Build.0 = Debug|Any CPU
		{A8D8B58C-F83A-4C06-B0A3-C6058673C2AE}.Release|Any CPU.ActiveCfg = Release|Any CPU
		{A8D8B58C-F83A-4C06-B0A3-C6058673C2AE}.Release|Any CPU.Build.0 = Release|Any CPU
		{8AA03FFA-68DE-4B00-A0D5-9165376A679D}.Debug|Any CPU.ActiveCfg = Debug|Any CPU
		{8AA03FFA-68DE-4B00-A0D5-9165376A679D}.Debug|Any CPU.Build.0 = Debug|Any CPU
		{8AA03FFA-68DE-4B00-A0D5-9165376A679D}.Release|Any CPU.ActiveCfg = Release|Any CPU
		{8AA03FFA-68DE-4B00-A0D5-9165376A679D}.Release|Any CPU.Build.0 = Release|Any CPU
		{F2244379-448D-4D3A-A9EC-C7415238AA3C}.Debug|Any CPU.ActiveCfg = Debug|Any CPU
		{F2244379-448D-4D3A-A9EC-C7415238AA3C}.Debug|Any CPU.Build.0 = Debug|Any CPU
		{F2244379-448D-4D3A-A9EC-C7415238AA3C}.Release|Any CPU.ActiveCfg = Release|Any CPU
		{F2244379-448D-4D3A-A9EC-C7415238AA3C}.Release|Any CPU.Build.0 = Release|Any CPU
		{ADC576E8-0E27-4BDC-A82A-EBCF17B05AF7}.Debug|Any CPU.ActiveCfg = Debug|Any CPU
		{ADC576E8-0E27-4BDC-A82A-EBCF17B05AF7}.Debug|Any CPU.Build.0 = Debug|Any CPU
		{ADC576E8-0E27-4BDC-A82A-EBCF17B05AF7}.Release|Any CPU.ActiveCfg = Release|Any CPU
		{ADC576E8-0E27-4BDC-A82A-EBCF17B05AF7}.Release|Any CPU.Build.0 = Release|Any CPU
		{ED474BDA-9973-4C4B-85E2-DBFADADD76F2}.Debug|Any CPU.ActiveCfg = Debug|Any CPU
		{ED474BDA-9973-4C4B-85E2-DBFADADD76F2}.Debug|Any CPU.Build.0 = Debug|Any CPU
		{ED474BDA-9973-4C4B-85E2-DBFADADD76F2}.Release|Any CPU.ActiveCfg = Release|Any CPU
		{ED474BDA-9973-4C4B-85E2-DBFADADD76F2}.Release|Any CPU.Build.0 = Release|Any CPU
		{17187BD1-63F8-4ACC-8AF9-A46F4BBFC9F7}.Debug|Any CPU.ActiveCfg = Debug|Any CPU
		{17187BD1-63F8-4ACC-8AF9-A46F4BBFC9F7}.Debug|Any CPU.Build.0 = Debug|Any CPU
		{17187BD1-63F8-4ACC-8AF9-A46F4BBFC9F7}.Release|Any CPU.ActiveCfg = Release|Any CPU
		{17187BD1-63F8-4ACC-8AF9-A46F4BBFC9F7}.Release|Any CPU.Build.0 = Release|Any CPU
		{C45FA45E-ABA6-4C07-823E-23DC4E749503}.Debug|Any CPU.ActiveCfg = Debug|Any CPU
		{C45FA45E-ABA6-4C07-823E-23DC4E749503}.Debug|Any CPU.Build.0 = Debug|Any CPU
		{C45FA45E-ABA6-4C07-823E-23DC4E749503}.Release|Any CPU.ActiveCfg = Release|Any CPU
		{C45FA45E-ABA6-4C07-823E-23DC4E749503}.Release|Any CPU.Build.0 = Release|Any CPU
		{869633D7-FD77-4546-88C7-D5A8CA826F40}.Debug|Any CPU.ActiveCfg = Debug|Any CPU
		{869633D7-FD77-4546-88C7-D5A8CA826F40}.Debug|Any CPU.Build.0 = Debug|Any CPU
		{869633D7-FD77-4546-88C7-D5A8CA826F40}.Release|Any CPU.ActiveCfg = Release|Any CPU
		{869633D7-FD77-4546-88C7-D5A8CA826F40}.Release|Any CPU.Build.0 = Release|Any CPU
		{E0A5E560-4D28-4519-8B04-39033C1A7DFC}.Debug|Any CPU.ActiveCfg = Debug|Any CPU
		{E0A5E560-4D28-4519-8B04-39033C1A7DFC}.Debug|Any CPU.Build.0 = Debug|Any CPU
		{E0A5E560-4D28-4519-8B04-39033C1A7DFC}.Release|Any CPU.ActiveCfg = Release|Any CPU
		{E0A5E560-4D28-4519-8B04-39033C1A7DFC}.Release|Any CPU.Build.0 = Release|Any CPU
		{DC136B15-10DF-427E-BF11-1C16D25962A6}.Debug|Any CPU.ActiveCfg = Debug|Any CPU
		{DC136B15-10DF-427E-BF11-1C16D25962A6}.Debug|Any CPU.Build.0 = Debug|Any CPU
		{DC136B15-10DF-427E-BF11-1C16D25962A6}.Release|Any CPU.ActiveCfg = Release|Any CPU
		{DC136B15-10DF-427E-BF11-1C16D25962A6}.Release|Any CPU.Build.0 = Release|Any CPU
		{BC7D5B8F-5279-4F4F-869F-9B3464DD931B}.Debug|Any CPU.ActiveCfg = Debug|Any CPU
		{BC7D5B8F-5279-4F4F-869F-9B3464DD931B}.Debug|Any CPU.Build.0 = Debug|Any CPU
		{BC7D5B8F-5279-4F4F-869F-9B3464DD931B}.Release|Any CPU.ActiveCfg = Release|Any CPU
		{BC7D5B8F-5279-4F4F-869F-9B3464DD931B}.Release|Any CPU.Build.0 = Release|Any CPU
	EndGlobalSection
	GlobalSection(SolutionProperties) = preSolution
		HideSolutionNode = FALSE
	EndGlobalSection
	GlobalSection(NestedProjects) = preSolution
		{C9A2B6BC-5260-4DE3-8082-DCE8B391F7BB} = {0EB6FAED-3B90-4387-BE04-23EF6935FB23}
		{5D33EFFA-09F4-4E8A-BC42-5EB2FDB30377} = {AFFD7B0D-0297-4EB0-873C-7039590DA4FD}
		{0AFAD5C8-6D27-436E-938C-C2EADBBF1D7B} = {AFFD7B0D-0297-4EB0-873C-7039590DA4FD}
		{C663289E-DD00-463F-8988-9913DDDAEEE1} = {0EB6FAED-3B90-4387-BE04-23EF6935FB23}
		{3A62991B-2B5F-433B-B43F-D08874FD7995} = {0EB6FAED-3B90-4387-BE04-23EF6935FB23}
		{A8D8B58C-F83A-4C06-B0A3-C6058673C2AE} = {3F06F31F-920E-49C1-8329-CAAB0D4D7664}
		{8AA03FFA-68DE-4B00-A0D5-9165376A679D} = {0EB6FAED-3B90-4387-BE04-23EF6935FB23}
		{F2244379-448D-4D3A-A9EC-C7415238AA3C} = {0EB6FAED-3B90-4387-BE04-23EF6935FB23}
		{ADC576E8-0E27-4BDC-A82A-EBCF17B05AF7} = {AFFD7B0D-0297-4EB0-873C-7039590DA4FD}
		{AFFD7B0D-0297-4EB0-873C-7039590DA4FD} = {0EB6FAED-3B90-4387-BE04-23EF6935FB23}
		{ED474BDA-9973-4C4B-85E2-DBFADADD76F2} = {0EB6FAED-3B90-4387-BE04-23EF6935FB23}
		{17187BD1-63F8-4ACC-8AF9-A46F4BBFC9F7} = {3F06F31F-920E-49C1-8329-CAAB0D4D7664}
		{3F06F31F-920E-49C1-8329-CAAB0D4D7664} = {0EB6FAED-3B90-4387-BE04-23EF6935FB23}
		{C45FA45E-ABA6-4C07-823E-23DC4E749503} = {0EB6FAED-3B90-4387-BE04-23EF6935FB23}
		{869633D7-FD77-4546-88C7-D5A8CA826F40} = {0EB6FAED-3B90-4387-BE04-23EF6935FB23}
		{E0A5E560-4D28-4519-8B04-39033C1A7DFC} = {0EB6FAED-3B90-4387-BE04-23EF6935FB23}
		{DC136B15-10DF-427E-BF11-1C16D25962A6} = {0EB6FAED-3B90-4387-BE04-23EF6935FB23}
	EndGlobalSection
EndGlobal
