
Microsoft Visual Studio Solution File, Format Version 12.00
# Visual Studio 14
VisualStudioVersion = 14.0.24720.0
MinimumVisualStudioVersion = 10.0.40219.1
Project("{FAE04EC0-301F-11D3-BF4B-00C04F79EFBC}") = "Base", "Base\Base.csproj", "{C9A2B6BC-5260-4DE3-8082-DCE8B391F7BB}"
EndProject
Project("{FAE04EC0-301F-11D3-BF4B-00C04F79EFBC}") = "Viewer", "Startup\Viewer.csproj", "{0AF8FEF6-32B9-46BD-A270-AB3B20EB39A3}"
EndProject
Project("{FAE04EC0-301F-11D3-BF4B-00C04F79EFBC}") = "ICSharpCode.Core", "ICSharpCode.Core\ICSharpCode.Core.csproj", "{35CEF10F-2D4C-45F2-9DD1-161E0FEC583C}"
EndProject
Project("{FAE04EC0-301F-11D3-BF4B-00C04F79EFBC}") = "RichTextEditor", "RichTextEditor\RichTextEditor.csproj", "{C663289E-DD00-463F-8988-9913DDDAEEE1}"
EndProject
Project("{2150E333-8FDC-42A3-9474-1A3956D46DE8}") = "Addins", "Addins", "{0EB6FAED-3B90-4387-BE04-23EF6935FB23}"
EndProject
Project("{FAE04EC0-301F-11D3-BF4B-00C04F79EFBC}") = "SyntaxEditor", "SyntaxEditor\SyntaxEditor.csproj", "{3A62991B-2B5F-433B-B43F-D08874FD7995}"
EndProject
Project("{FAE04EC0-301F-11D3-BF4B-00C04F79EFBC}") = "ImageViewer", "ImageViewer\ImageViewer.csproj", "{5D33EFFA-09F4-4E8A-BC42-5EB2FDB30377}"
EndProject
Project("{840C416C-B8F3-42BC-B0DD-F6BB14C9F8CB}") = "Setup", "Setup\Setup.aiproj", "{BB8834AE-CC2D-4D63-BBD7-924D90CC4BB8}"
EndProject
Project("{FAE04EC0-301F-11D3-BF4B-00C04F79EFBC}") = "PsdViewer", "PsdViewer\PsdViewer.csproj", "{0AFAD5C8-6D27-436E-938C-C2EADBBF1D7B}"
EndProject
Global
	GlobalSection(SolutionConfigurationPlatforms) = preSolution
		Debug|Any CPU = Debug|Any CPU
		Release|Any CPU = Release|Any CPU
	EndGlobalSection
	GlobalSection(ProjectConfigurationPlatforms) = postSolution
		{C9A2B6BC-5260-4DE3-8082-DCE8B391F7BB}.Debug|Any CPU.ActiveCfg = Debug|Any CPU
		{C9A2B6BC-5260-4DE3-8082-DCE8B391F7BB}.Debug|Any CPU.Build.0 = Debug|Any CPU
		{C9A2B6BC-5260-4DE3-8082-DCE8B391F7BB}.Release|Any CPU.ActiveCfg = Release|Any CPU
		{C9A2B6BC-5260-4DE3-8082-DCE8B391F7BB}.Release|Any CPU.Build.0 = Release|Any CPU
		{0AF8FEF6-32B9-46BD-A270-AB3B20EB39A3}.Debug|Any CPU.ActiveCfg = Debug|Any CPU
		{0AF8FEF6-32B9-46BD-A270-AB3B20EB39A3}.Debug|Any CPU.Build.0 = Debug|Any CPU
		{0AF8FEF6-32B9-46BD-A270-AB3B20EB39A3}.Release|Any CPU.ActiveCfg = Release|Any CPU
		{0AF8FEF6-32B9-46BD-A270-AB3B20EB39A3}.Release|Any CPU.Build.0 = Release|Any CPU
		{35CEF10F-2D4C-45F2-9DD1-161E0FEC583C}.Debug|Any CPU.ActiveCfg = Debug|Any CPU
		{35CEF10F-2D4C-45F2-9DD1-161E0FEC583C}.Debug|Any CPU.Build.0 = Debug|Any CPU
		{35CEF10F-2D4C-45F2-9DD1-161E0FEC583C}.Release|Any CPU.ActiveCfg = Release|Any CPU
		{35CEF10F-2D4C-45F2-9DD1-161E0FEC583C}.Release|Any CPU.Build.0 = Release|Any CPU
		{C663289E-DD00-463F-8988-9913DDDAEEE1}.Debug|Any CPU.ActiveCfg = Debug|Any CPU
		{C663289E-DD00-463F-8988-9913DDDAEEE1}.Debug|Any CPU.Build.0 = Debug|Any CPU
		{C663289E-DD00-463F-8988-9913DDDAEEE1}.Release|Any CPU.ActiveCfg = Release|Any CPU
		{C663289E-DD00-463F-8988-9913DDDAEEE1}.Release|Any CPU.Build.0 = Release|Any CPU
		{3A62991B-2B5F-433B-B43F-D08874FD7995}.Debug|Any CPU.ActiveCfg = Debug|Any CPU
		{3A62991B-2B5F-433B-B43F-D08874FD7995}.Debug|Any CPU.Build.0 = Debug|Any CPU
		{3A62991B-2B5F-433B-B43F-D08874FD7995}.Release|Any CPU.ActiveCfg = Release|Any CPU
		{3A62991B-2B5F-433B-B43F-D08874FD7995}.Release|Any CPU.Build.0 = Release|Any CPU
		{5D33EFFA-09F4-4E8A-BC42-5EB2FDB30377}.Debug|Any CPU.ActiveCfg = Debug|Any CPU
		{5D33EFFA-09F4-4E8A-BC42-5EB2FDB30377}.Debug|Any CPU.Build.0 = Debug|Any CPU
		{5D33EFFA-09F4-4E8A-BC42-5EB2FDB30377}.Release|Any CPU.ActiveCfg = Release|Any CPU
		{5D33EFFA-09F4-4E8A-BC42-5EB2FDB30377}.Release|Any CPU.Build.0 = Release|Any CPU
		{BB8834AE-CC2D-4D63-BBD7-924D90CC4BB8}.Debug|Any CPU.ActiveCfg = All
		{BB8834AE-CC2D-4D63-BBD7-924D90CC4BB8}.Debug|Any CPU.Build.0 = All
		{BB8834AE-CC2D-4D63-BBD7-924D90CC4BB8}.Release|Any CPU.ActiveCfg = All
		{BB8834AE-CC2D-4D63-BBD7-924D90CC4BB8}.Release|Any CPU.Build.0 = All
		{0AFAD5C8-6D27-436E-938C-C2EADBBF1D7B}.Debug|Any CPU.ActiveCfg = Debug|Any CPU
		{0AFAD5C8-6D27-436E-938C-C2EADBBF1D7B}.Debug|Any CPU.Build.0 = Debug|Any CPU
		{0AFAD5C8-6D27-436E-938C-C2EADBBF1D7B}.Release|Any CPU.ActiveCfg = Release|Any CPU
		{0AFAD5C8-6D27-436E-938C-C2EADBBF1D7B}.Release|Any CPU.Build.0 = Release|Any CPU
	EndGlobalSection
	GlobalSection(SolutionProperties) = preSolution
		HideSolutionNode = FALSE
	EndGlobalSection
	GlobalSection(NestedProjects) = preSolution
		{C9A2B6BC-5260-4DE3-8082-DCE8B391F7BB} = {0EB6FAED-3B90-4387-BE04-23EF6935FB23}
		{C663289E-DD00-463F-8988-9913DDDAEEE1} = {0EB6FAED-3B90-4387-BE04-23EF6935FB23}
		{3A62991B-2B5F-433B-B43F-D08874FD7995} = {0EB6FAED-3B90-4387-BE04-23EF6935FB23}
		{5D33EFFA-09F4-4E8A-BC42-5EB2FDB30377} = {0EB6FAED-3B90-4387-BE04-23EF6935FB23}
		{0AFAD5C8-6D27-436E-938C-C2EADBBF1D7B} = {0EB6FAED-3B90-4387-BE04-23EF6935FB23}
	EndGlobalSection
EndGlobal
